
Microsoft Visual Studio Solution File, Format Version 12.00
# Visual Studio Version 17
VisualStudioVersion = 17.2.32526.322
MinimumVisualStudioVersion = 10.0.40219.1
Project("{FAE04EC0-301F-11D3-BF4B-00C04F79EFBC}") = "ChatMessagers", "ChatMessagers\ChatMessagers.csproj", "{961EE065-4051-4BC3-A0A9-DD00A4234FAC}"
EndProject
Global
	GlobalSection(SolutionConfigurationPlatforms) = preSolution
		Debug|Any CPU = Debug|Any CPU
		Release|Any CPU = Release|Any CPU
	EndGlobalSection
	GlobalSection(ProjectConfigurationPlatforms) = postSolution
		{961EE065-4051-4BC3-A0A9-DD00A4234FAC}.Debug|Any CPU.ActiveCfg = Debug|Any CPU
		{961EE065-4051-4BC3-A0A9-DD00A4234FAC}.Debug|Any CPU.Build.0 = Debug|Any CPU
		{961EE065-4051-4BC3-A0A9-DD00A4234FAC}.Release|Any CPU.ActiveCfg = Release|Any CPU
		{961EE065-4051-4BC3-A0A9-DD00A4234FAC}.Release|Any CPU.Build.0 = Release|Any CPU
	EndGlobalSection
	GlobalSection(SolutionProperties) = preSolution
		HideSolutionNode = FALSE
	EndGlobalSection
	GlobalSection(ExtensibilityGlobals) = postSolution
		SolutionGuid = {64669A26-4527-4ED8-BB9A-BEDDDBDB3C89}
	EndGlobalSection
EndGlobal
